
Microsoft Visual Studio Solution File, Format Version 12.00
Project("{FAE04EC0-301F-11D3-BF4B-00C04F79EFBC}") = "HealthCheck.Exemplo", "HealthCheck.Exemplo\HealthCheck.Exemplo.csproj", "{94A05901-7D70-4F2C-9127-C50799C33D3F}"
EndProject
Global
	GlobalSection(SolutionConfigurationPlatforms) = preSolution
		Debug|Any CPU = Debug|Any CPU
		Release|Any CPU = Release|Any CPU
	EndGlobalSection
	GlobalSection(ProjectConfigurationPlatforms) = postSolution
		{94A05901-7D70-4F2C-9127-C50799C33D3F}.Debug|Any CPU.ActiveCfg = Debug|Any CPU
		{94A05901-7D70-4F2C-9127-C50799C33D3F}.Debug|Any CPU.Build.0 = Debug|Any CPU
		{94A05901-7D70-4F2C-9127-C50799C33D3F}.Release|Any CPU.ActiveCfg = Release|Any CPU
		{94A05901-7D70-4F2C-9127-C50799C33D3F}.Release|Any CPU.Build.0 = Release|Any CPU
	EndGlobalSection
EndGlobal
